
Microsoft Visual Studio Solution File, Format Version 12.00
# Visual Studio Version 17
VisualStudioVersion = 17.7.34031.279
MinimumVisualStudioVersion = 10.0.40219.1
Project("{9A19103F-16F7-4668-BE54-9A1E7A4F7556}") = "WEB_153503_Kiseleva", "WEB_153503_Kiseleva.csproj", "{87ADCE39-CA75-46CC-84A1-381D2D9A3DF3}"
EndProject
Project("{9A19103F-16F7-4668-BE54-9A1E7A4F7556}") = "WEB_153503_Kiseleva.Domain", "..\WEB_153503_Kiseleva.Domain\WEB_153503_Kiseleva.Domain.csproj", "{1D64F81C-2330-43A2-996B-31E3A7474D74}"
EndProject
Project("{9A19103F-16F7-4668-BE54-9A1E7A4F7556}") = "WEB_153503_Kiseleva.API", "..\WEB_153503_Kiseleva.API\WEB_153503_Kiseleva.API.csproj", "{4030EE64-58D1-456A-A6CF-BB9E0DEDBFE6}"
EndProject
Project("{FAE04EC0-301F-11D3-BF4B-00C04F79EFBC}") = "WEB_153503_Kiseleva.IdentityServer", "..\WEB_153503_Kiseleva.IdentityServer\WEB_153503_Kiseleva.IdentityServer.csproj", "{ECE3A1B1-FD8B-49AB-8833-34BDEBCA3AB3}"
EndProject
Global
	GlobalSection(SolutionConfigurationPlatforms) = preSolution
		Debug|Any CPU = Debug|Any CPU
		Release|Any CPU = Release|Any CPU
	EndGlobalSection
	GlobalSection(ProjectConfigurationPlatforms) = postSolution
		{87ADCE39-CA75-46CC-84A1-381D2D9A3DF3}.Debug|Any CPU.ActiveCfg = Debug|Any CPU
		{87ADCE39-CA75-46CC-84A1-381D2D9A3DF3}.Debug|Any CPU.Build.0 = Debug|Any CPU
		{87ADCE39-CA75-46CC-84A1-381D2D9A3DF3}.Release|Any CPU.ActiveCfg = Release|Any CPU
		{87ADCE39-CA75-46CC-84A1-381D2D9A3DF3}.Release|Any CPU.Build.0 = Release|Any CPU
		{1D64F81C-2330-43A2-996B-31E3A7474D74}.Debug|Any CPU.ActiveCfg = Debug|Any CPU
		{1D64F81C-2330-43A2-996B-31E3A7474D74}.Debug|Any CPU.Build.0 = Debug|Any CPU
		{1D64F81C-2330-43A2-996B-31E3A7474D74}.Release|Any CPU.ActiveCfg = Release|Any CPU
		{1D64F81C-2330-43A2-996B-31E3A7474D74}.Release|Any CPU.Build.0 = Release|Any CPU
		{4030EE64-58D1-456A-A6CF-BB9E0DEDBFE6}.Debug|Any CPU.ActiveCfg = Debug|Any CPU
		{4030EE64-58D1-456A-A6CF-BB9E0DEDBFE6}.Debug|Any CPU.Build.0 = Debug|Any CPU
		{4030EE64-58D1-456A-A6CF-BB9E0DEDBFE6}.Release|Any CPU.ActiveCfg = Release|Any CPU
		{4030EE64-58D1-456A-A6CF-BB9E0DEDBFE6}.Release|Any CPU.Build.0 = Release|Any CPU
		{ECE3A1B1-FD8B-49AB-8833-34BDEBCA3AB3}.Debug|Any CPU.ActiveCfg = Debug|Any CPU
		{ECE3A1B1-FD8B-49AB-8833-34BDEBCA3AB3}.Debug|Any CPU.Build.0 = Debug|Any CPU
		{ECE3A1B1-FD8B-49AB-8833-34BDEBCA3AB3}.Release|Any CPU.ActiveCfg = Release|Any CPU
		{ECE3A1B1-FD8B-49AB-8833-34BDEBCA3AB3}.Release|Any CPU.Build.0 = Release|Any CPU
	EndGlobalSection
	GlobalSection(SolutionProperties) = preSolution
		HideSolutionNode = FALSE
	EndGlobalSection
	GlobalSection(ExtensibilityGlobals) = postSolution
		SolutionGuid = {272278AF-6B78-40FC-8D20-B78A350E8870}
	EndGlobalSection
EndGlobal
